
Microsoft Visual Studio Solution File, Format Version 12.00
# Visual Studio Version 16
VisualStudioVersion = 16.0.31205.134
MinimumVisualStudioVersion = 10.0.40219.1
Project("{8BC9CEB8-8B4A-11D0-8D11-00A0C91BC942}") = "Project1", "Project1\Project1.vcxproj", "{D2FF0C52-1F41-4949-88E4-A2B5BF0643B6}"
EndProject
Project("{8BC9CEB8-8B4A-11D0-8D11-00A0C91BC942}") = "Project2", "Project2\Project2.vcxproj", "{E1928748-1607-4FD5-A0CF-0D91E5251A27}"
EndProject
Project("{8BC9CEB8-8B4A-11D0-8D11-00A0C91BC942}") = "Project3", "Project3\Project3.vcxproj", "{F3569F56-63B5-4D10-B5AA-1488B016B1E6}"
EndProject
Project("{8BC9CEB8-8B4A-11D0-8D11-00A0C91BC942}") = "Project4", "Project4\Project4.vcxproj", "{225830CD-3EBB-453E-95D1-546B23DB7F88}"
EndProject
Project("{8BC9CEB8-8B4A-11D0-8D11-00A0C91BC942}") = "Project5", "Project5\Project5.vcxproj", "{1D755943-1876-46A1-80E4-B87D960B95FB}"
EndProject
Project("{8BC9CEB8-8B4A-11D0-8D11-00A0C91BC942}") = "Project6", "Project6\Project6.vcxproj", "{CD402452-94AB-4BBA-8325-B07AB3EDDA59}"
EndProject
Project("{8BC9CEB8-8B4A-11D0-8D11-00A0C91BC942}") = "Project7", "Project7\Project7.vcxproj", "{1AA836AF-7D66-4BBE-86A3-B1CED8E9D0D3}"
EndProject
Global
	GlobalSection(SolutionConfigurationPlatforms) = preSolution
		Debug|x64 = Debug|x64
		Debug|x86 = Debug|x86
		Release|x64 = Release|x64
		Release|x86 = Release|x86
	EndGlobalSection
	GlobalSection(ProjectConfigurationPlatforms) = postSolution
		{D2FF0C52-1F41-4949-88E4-A2B5BF0643B6}.Debug|x64.ActiveCfg = Debug|x64
		{D2FF0C52-1F41-4949-88E4-A2B5BF0643B6}.Debug|x64.Build.0 = Debug|x64
		{D2FF0C52-1F41-4949-88E4-A2B5BF0643B6}.Debug|x86.ActiveCfg = Debug|Win32
		{D2FF0C52-1F41-4949-88E4-A2B5BF0643B6}.Debug|x86.Build.0 = Debug|Win32
		{D2FF0C52-1F41-4949-88E4-A2B5BF0643B6}.Release|x64.ActiveCfg = Release|x64
		{D2FF0C52-1F41-4949-88E4-A2B5BF0643B6}.Release|x64.Build.0 = Release|x64
		{D2FF0C52-1F41-4949-88E4-A2B5BF0643B6}.Release|x86.ActiveCfg = Release|Win32
		{D2FF0C52-1F41-4949-88E4-A2B5BF0643B6}.Release|x86.Build.0 = Release|Win32
		{E1928748-1607-4FD5-A0CF-0D91E5251A27}.Debug|x64.ActiveCfg = Debug|x64
		{E1928748-1607-4FD5-A0CF-0D91E5251A27}.Debug|x64.Build.0 = Debug|x64
		{E1928748-1607-4FD5-A0CF-0D91E5251A27}.Debug|x86.ActiveCfg = Debug|Win32
		{E1928748-1607-4FD5-A0CF-0D91E5251A27}.Debug|x86.Build.0 = Debug|Win32
		{E1928748-1607-4FD5-A0CF-0D91E5251A27}.Release|x64.ActiveCfg = Release|x64
		{E1928748-1607-4FD5-A0CF-0D91E5251A27}.Release|x64.Build.0 = Release|x64
		{E1928748-1607-4FD5-A0CF-0D91E5251A27}.Release|x86.ActiveCfg = Release|Win32
		{E1928748-1607-4FD5-A0CF-0D91E5251A27}.Release|x86.Build.0 = Release|Win32
		{F3569F56-63B5-4D10-B5AA-1488B016B1E6}.Debug|x64.ActiveCfg = Debug|x64
		{F3569F56-63B5-4D10-B5AA-1488B016B1E6}.Debug|x64.Build.0 = Debug|x64
		{F3569F56-63B5-4D10-B5AA-1488B016B1E6}.Debug|x86.ActiveCfg = Debug|Win32
		{F3569F56-63B5-4D10-B5AA-1488B016B1E6}.Debug|x86.Build.0 = Debug|Win32
		{F3569F56-63B5-4D10-B5AA-1488B016B1E6}.Release|x64.ActiveCfg = Release|x64
		{F3569F56-63B5-4D10-B5AA-1488B016B1E6}.Release|x64.Build.0 = Release|x64
		{F3569F56-63B5-4D10-B5AA-1488B016B1E6}.Release|x86.ActiveCfg = Release|Win32
		{F3569F56-63B5-4D10-B5AA-1488B016B1E6}.Release|x86.Build.0 = Release|Win32
		{225830CD-3EBB-453E-95D1-546B23DB7F88}.Debug|x64.ActiveCfg = Debug|x64
		{225830CD-3EBB-453E-95D1-546B23DB7F88}.Debug|x64.Build.0 = Debug|x64
		{225830CD-3EBB-453E-95D1-546B23DB7F88}.Debug|x86.ActiveCfg = Debug|Win32
		{225830CD-3EBB-453E-95D1-546B23DB7F88}.Debug|x86.Build.0 = Debug|Win32
		{225830CD-3EBB-453E-95D1-546B23DB7F88}.Release|x64.ActiveCfg = Release|x64
		{225830CD-3EBB-453E-95D1-546B23DB7F88}.Release|x64.Build.0 = Release|x64
		{225830CD-3EBB-453E-95D1-546B23DB7F88}.Release|x86.ActiveCfg = Release|Win32
		{225830CD-3EBB-453E-95D1-546B23DB7F88}.Release|x86.Build.0 = Release|Win32
		{1D755943-1876-46A1-80E4-B87D960B95FB}.Debug|x64.ActiveCfg = Debug|x64
		{1D755943-1876-46A1-80E4-B87D960B95FB}.Debug|x64.Build.0 = Debug|x64
		{1D755943-1876-46A1-80E4-B87D960B95FB}.Debug|x86.ActiveCfg = Debug|Win32
		{1D755943-1876-46A1-80E4-B87D960B95FB}.Debug|x86.Build.0 = Debug|Win32
		{1D755943-1876-46A1-80E4-B87D960B95FB}.Release|x64.ActiveCfg = Release|x64
		{1D755943-1876-46A1-80E4-B87D960B95FB}.Release|x64.Build.0 = Release|x64
		{1D755943-1876-46A1-80E4-B87D960B95FB}.Release|x86.ActiveCfg = Release|Win32
		{1D755943-1876-46A1-80E4-B87D960B95FB}.Release|x86.Build.0 = Release|Win32
		{CD402452-94AB-4BBA-8325-B07AB3EDDA59}.Debug|x64.ActiveCfg = Debug|x64
		{CD402452-94AB-4BBA-8325-B07AB3EDDA59}.Debug|x64.Build.0 = Debug|x64
		{CD402452-94AB-4BBA-8325-B07AB3EDDA59}.Debug|x86.ActiveCfg = Debug|Win32
		{CD402452-94AB-4BBA-8325-B07AB3EDDA59}.Debug|x86.Build.0 = Debug|Win32
		{CD402452-94AB-4BBA-8325-B07AB3EDDA59}.Release|x64.ActiveCfg = Release|x64
		{CD402452-94AB-4BBA-8325-B07AB3EDDA59}.Release|x64.Build.0 = Release|x64
		{CD402452-94AB-4BBA-8325-B07AB3EDDA59}.Release|x86.ActiveCfg = Release|Win32
		{CD402452-94AB-4BBA-8325-B07AB3EDDA59}.Release|x86.Build.0 = Release|Win32
		{1AA836AF-7D66-4BBE-86A3-B1CED8E9D0D3}.Debug|x64.ActiveCfg = Debug|x64
		{1AA836AF-7D66-4BBE-86A3-B1CED8E9D0D3}.Debug|x64.Build.0 = Debug|x64
		{1AA836AF-7D66-4BBE-86A3-B1CED8E9D0D3}.Debug|x86.ActiveCfg = Debug|Win32
		{1AA836AF-7D66-4BBE-86A3-B1CED8E9D0D3}.Debug|x86.Build.0 = Debug|Win32
		{1AA836AF-7D66-4BBE-86A3-B1CED8E9D0D3}.Release|x64.ActiveCfg = Release|x64
		{1AA836AF-7D66-4BBE-86A3-B1CED8E9D0D3}.Release|x64.Build.0 = Release|x64
		{1AA836AF-7D66-4BBE-86A3-B1CED8E9D0D3}.Release|x86.ActiveCfg = Release|Win32
		{1AA836AF-7D66-4BBE-86A3-B1CED8E9D0D3}.Release|x86.Build.0 = Release|Win32
	EndGlobalSection
	GlobalSection(SolutionProperties) = preSolution
		HideSolutionNode = FALSE
	EndGlobalSection
	GlobalSection(ExtensibilityGlobals) = postSolution
		SolutionGuid = {D71839B1-E0B5-45C5-97A8-93B7C100F697}
	EndGlobalSection
EndGlobal
